// !$*UTF8*$!
{
	archiveVersion = 1;
	classes = {
	};
	objectVersion = 50;
	objects = {

/* Begin PBXBuildFile section */
		0EAE0C5B20FEC07500D798A9 /* Food.m in Sources */ = {isa = PBXBuildFile; fileRef = 0EAE0C5A20FEC07500D798A9 /* Food.m */; };
		0EAE0C5E20FFA9A900D798A9 /* DetailsViewController.m in Sources */ = {isa = PBXBuildFile; fileRef = 0EAE0C5D20FFA9A900D798A9 /* DetailsViewController.m */; };
		0EAE0C6120FFF6F000D798A9 /* ResourcesViewController.m in Sources */ = {isa = PBXBuildFile; fileRef = 0EAE0C6020FFF6F000D798A9 /* ResourcesViewController.m */; };
		0EAE0C6420FFF71D00D798A9 /* MapViewController.m in Sources */ = {isa = PBXBuildFile; fileRef = 0EAE0C6320FFF71D00D798A9 /* MapViewController.m */; };
		2393580F3757A9ADC1E9F148 /* libPods-DayTripper.a in Frameworks */ = {isa = PBXBuildFile; fileRef = 9A10739DFCE1A4D5F2E2BB6E /* libPods-DayTripper.a */; };
		537A4B8121065AA000E64CBD /* random.swift in Sources */ = {isa = PBXBuildFile; fileRef = 537A4B8021065AA000E64CBD /* random.swift */; };
		537A4B8321066FFC00E64CBD /* MessageUI.framework in Frameworks */ = {isa = PBXBuildFile; fileRef = 537A4B8221066FFC00E64CBD /* MessageUI.framework */; };
		53E8420620F9A060003FE31A /* APIManager.m in Sources */ = {isa = PBXBuildFile; fileRef = 53E8420520F9A060003FE31A /* APIManager.m */; };
		53E8420920FCF386003FE31A /* Functions.m in Sources */ = {isa = PBXBuildFile; fileRef = 53E8420820FCF386003FE31A /* Functions.m */; };
		53E8420B20FE445A003FE31A /* MapKit.framework in Frameworks */ = {isa = PBXBuildFile; fileRef = 53E8420A20FE445A003FE31A /* MapKit.framework */; };
		53E8421120FFA920003FE31A /* Event.m in Sources */ = {isa = PBXBuildFile; fileRef = 53E8421020FFA920003FE31A /* Event.m */; };
		BE45190B210104AB00CFA8AC /* CategoryCollectionCell.m in Sources */ = {isa = PBXBuildFile; fileRef = BE45190A210104AB00CFA8AC /* CategoryCollectionCell.m */; };
		BE45190E210104E600CFA8AC /* QuizReusableView.m in Sources */ = {isa = PBXBuildFile; fileRef = BE45190D210104E600CFA8AC /* QuizReusableView.m */; };
		BE69F2682100007F000122D6 /* Constants.m in Sources */ = {isa = PBXBuildFile; fileRef = BE69F2672100007F000122D6 /* Constants.m */; };
		BE69F26C21000631000122D6 /* yelpCategories.json in Resources */ = {isa = PBXBuildFile; fileRef = BE69F26B21000631000122D6 /* yelpCategories.json */; };
		BE69F26E21001161000122D6 /* 4SQCategories.json in Resources */ = {isa = PBXBuildFile; fileRef = BE69F26D21001160000122D6 /* 4SQCategories.json */; };
		BEA5FD3820F9298F005B79F5 /* AppDelegate.m in Sources */ = {isa = PBXBuildFile; fileRef = BEA5FD3720F9298F005B79F5 /* AppDelegate.m */; };
		BEA5FD3E20F9298F005B79F5 /* Main.storyboard in Resources */ = {isa = PBXBuildFile; fileRef = BEA5FD3C20F9298F005B79F5 /* Main.storyboard */; };
		BEA5FD4020F92990005B79F5 /* Assets.xcassets in Resources */ = {isa = PBXBuildFile; fileRef = BEA5FD3F20F92990005B79F5 /* Assets.xcassets */; };
		BEA5FD4320F92990005B79F5 /* LaunchScreen.storyboard in Resources */ = {isa = PBXBuildFile; fileRef = BEA5FD4120F92990005B79F5 /* LaunchScreen.storyboard */; };
		BEA5FD4620F92990005B79F5 /* main.m in Sources */ = {isa = PBXBuildFile; fileRef = BEA5FD4520F92990005B79F5 /* main.m */; };
		BEA5FD5120F929CD005B79F5 /* QuizViewController.m in Sources */ = {isa = PBXBuildFile; fileRef = BEA5FD5020F929CD005B79F5 /* QuizViewController.m */; };
		BEA5FD5420F929E2005B79F5 /* ResultsViewController.m in Sources */ = {isa = PBXBuildFile; fileRef = BEA5FD5320F929E2005B79F5 /* ResultsViewController.m */; };
		BEA5FD5720F92A01005B79F5 /* ItinViewController.m in Sources */ = {isa = PBXBuildFile; fileRef = BEA5FD5620F92A01005B79F5 /* ItinViewController.m */; };
		BEA6BFA1210262B800933DB7 /* UserCollectionCell.m in Sources */ = {isa = PBXBuildFile; fileRef = BEA6BFA0210262B800933DB7 /* UserCollectionCell.m */; };
		BEA6BFA4210262E300933DB7 /* TripReusableView.m in Sources */ = {isa = PBXBuildFile; fileRef = BEA6BFA3210262E300933DB7 /* TripReusableView.m */; };
		BEB308F6210678DA00336EA4 /* SettingsViewController.m in Sources */ = {isa = PBXBuildFile; fileRef = BEB308F5210678DA00336EA4 /* SettingsViewController.m */; };
		BEEA9D8A20FCFEEB0048C0DB /* ResultsCell.m in Sources */ = {isa = PBXBuildFile; fileRef = BEEA9D8920FCFEEB0048C0DB /* ResultsCell.m */; };
		BEEA9D8E20FD016E0048C0DB /* Place.m in Sources */ = {isa = PBXBuildFile; fileRef = BEEA9D8D20FD016E0048C0DB /* Place.m */; };
		BEEA9D9420FD03BC0048C0DB /* ItinCell.m in Sources */ = {isa = PBXBuildFile; fileRef = BEEA9D9320FD03BC0048C0DB /* ItinCell.m */; };
		BEEA9D9B20FD12220048C0DB /* TripCell.m in Sources */ = {isa = PBXBuildFile; fileRef = BEEA9D9A20FD12220048C0DB /* TripCell.m */; };
		BEEA9D9E20FD12310048C0DB /* Trip.m in Sources */ = {isa = PBXBuildFile; fileRef = BEEA9D9D20FD12310048C0DB /* Trip.m */; };
		BEEA9DA120FD12970048C0DB /* HomeViewController.m in Sources */ = {isa = PBXBuildFile; fileRef = BEEA9DA020FD12970048C0DB /* HomeViewController.m */; };
		BEEA9DA420FD322B0048C0DB /* LoginViewController.m in Sources */ = {isa = PBXBuildFile; fileRef = BEEA9DA320FD322B0048C0DB /* LoginViewController.m */; };
/* End PBXBuildFile section */

/* Begin PBXFileReference section */
		0EAE0C5320FE9E0200D798A9 /* Activity.h */ = {isa = PBXFileReference; lastKnownFileType = sourcecode.c.h; path = Activity.h; sourceTree = "<group>"; };
		0EAE0C5920FEC07500D798A9 /* Food.h */ = {isa = PBXFileReference; lastKnownFileType = sourcecode.c.h; path = Food.h; sourceTree = "<group>"; };
		0EAE0C5A20FEC07500D798A9 /* Food.m */ = {isa = PBXFileReference; lastKnownFileType = sourcecode.c.objc; path = Food.m; sourceTree = "<group>"; };
		0EAE0C5C20FFA9A900D798A9 /* DetailsViewController.h */ = {isa = PBXFileReference; lastKnownFileType = sourcecode.c.h; path = DetailsViewController.h; sourceTree = "<group>"; };
		0EAE0C5D20FFA9A900D798A9 /* DetailsViewController.m */ = {isa = PBXFileReference; lastKnownFileType = sourcecode.c.objc; path = DetailsViewController.m; sourceTree = "<group>"; };
		0EAE0C5F20FFF6F000D798A9 /* ResourcesViewController.h */ = {isa = PBXFileReference; lastKnownFileType = sourcecode.c.h; path = ResourcesViewController.h; sourceTree = "<group>"; };
		0EAE0C6020FFF6F000D798A9 /* ResourcesViewController.m */ = {isa = PBXFileReference; lastKnownFileType = sourcecode.c.objc; path = ResourcesViewController.m; sourceTree = "<group>"; };
		0EAE0C6220FFF71D00D798A9 /* MapViewController.h */ = {isa = PBXFileReference; lastKnownFileType = sourcecode.c.h; path = MapViewController.h; sourceTree = "<group>"; };
		0EAE0C6320FFF71D00D798A9 /* MapViewController.m */ = {isa = PBXFileReference; lastKnownFileType = sourcecode.c.objc; path = MapViewController.m; sourceTree = "<group>"; };
		537A4B7F21065A9F00E64CBD /* DayTripper-Bridging-Header.h */ = {isa = PBXFileReference; lastKnownFileType = sourcecode.c.h; path = "DayTripper-Bridging-Header.h"; sourceTree = "<group>"; };
		537A4B8021065AA000E64CBD /* random.swift */ = {isa = PBXFileReference; lastKnownFileType = sourcecode.swift; path = random.swift; sourceTree = "<group>"; };
		537A4B8221066FFC00E64CBD /* MessageUI.framework */ = {isa = PBXFileReference; lastKnownFileType = wrapper.framework; name = MessageUI.framework; path = System/Library/Frameworks/MessageUI.framework; sourceTree = SDKROOT; };
		53E8420420F9A060003FE31A /* APIManager.h */ = {isa = PBXFileReference; lastKnownFileType = sourcecode.c.h; path = APIManager.h; sourceTree = "<group>"; };
		53E8420520F9A060003FE31A /* APIManager.m */ = {isa = PBXFileReference; lastKnownFileType = sourcecode.c.objc; path = APIManager.m; sourceTree = "<group>"; };
		53E8420720FCF386003FE31A /* Functions.h */ = {isa = PBXFileReference; lastKnownFileType = sourcecode.c.h; path = Functions.h; sourceTree = "<group>"; };
		53E8420820FCF386003FE31A /* Functions.m */ = {isa = PBXFileReference; lastKnownFileType = sourcecode.c.objc; path = Functions.m; sourceTree = "<group>"; };
		53E8420A20FE445A003FE31A /* MapKit.framework */ = {isa = PBXFileReference; lastKnownFileType = wrapper.framework; name = MapKit.framework; path = System/Library/Frameworks/MapKit.framework; sourceTree = SDKROOT; };
		53E8420F20FFA920003FE31A /* Event.h */ = {isa = PBXFileReference; lastKnownFileType = sourcecode.c.h; path = Event.h; sourceTree = "<group>"; };
		53E8421020FFA920003FE31A /* Event.m */ = {isa = PBXFileReference; lastKnownFileType = sourcecode.c.objc; path = Event.m; sourceTree = "<group>"; };
		9A10739DFCE1A4D5F2E2BB6E /* libPods-DayTripper.a */ = {isa = PBXFileReference; explicitFileType = archive.ar; includeInIndex = 0; path = "libPods-DayTripper.a"; sourceTree = BUILT_PRODUCTS_DIR; };
		B7A59493FA9C312E5904AB92 /* Pods-DayTripper.debug.xcconfig */ = {isa = PBXFileReference; includeInIndex = 1; lastKnownFileType = text.xcconfig; name = "Pods-DayTripper.debug.xcconfig"; path = "Pods/Target Support Files/Pods-DayTripper/Pods-DayTripper.debug.xcconfig"; sourceTree = "<group>"; };
		BE451909210104AB00CFA8AC /* CategoryCollectionCell.h */ = {isa = PBXFileReference; lastKnownFileType = sourcecode.c.h; path = CategoryCollectionCell.h; sourceTree = "<group>"; };
		BE45190A210104AB00CFA8AC /* CategoryCollectionCell.m */ = {isa = PBXFileReference; lastKnownFileType = sourcecode.c.objc; path = CategoryCollectionCell.m; sourceTree = "<group>"; };
		BE45190C210104E600CFA8AC /* QuizReusableView.h */ = {isa = PBXFileReference; lastKnownFileType = sourcecode.c.h; path = QuizReusableView.h; sourceTree = "<group>"; };
		BE45190D210104E600CFA8AC /* QuizReusableView.m */ = {isa = PBXFileReference; lastKnownFileType = sourcecode.c.objc; path = QuizReusableView.m; sourceTree = "<group>"; };
		BE45190F21012AA900CFA8AC /* QuizReusableViewDelegate.h */ = {isa = PBXFileReference; lastKnownFileType = sourcecode.c.h; path = QuizReusableViewDelegate.h; sourceTree = "<group>"; };
		BE45191021012B5E00CFA8AC /* QuizViewControllerDelegate.h */ = {isa = PBXFileReference; lastKnownFileType = sourcecode.c.h; path = QuizViewControllerDelegate.h; sourceTree = "<group>"; };
		BE69F2662100007F000122D6 /* Constants.h */ = {isa = PBXFileReference; lastKnownFileType = sourcecode.c.h; path = Constants.h; sourceTree = "<group>"; };
		BE69F2672100007F000122D6 /* Constants.m */ = {isa = PBXFileReference; lastKnownFileType = sourcecode.c.objc; path = Constants.m; sourceTree = "<group>"; };
		BE69F26B21000631000122D6 /* yelpCategories.json */ = {isa = PBXFileReference; fileEncoding = 4; lastKnownFileType = text.json; path = yelpCategories.json; sourceTree = "<group>"; };
		BE69F26D21001160000122D6 /* 4SQCategories.json */ = {isa = PBXFileReference; fileEncoding = 4; lastKnownFileType = text.json; path = 4SQCategories.json; sourceTree = "<group>"; };
		BEA5FD3320F9298F005B79F5 /* DayTripper.app */ = {isa = PBXFileReference; explicitFileType = wrapper.application; includeInIndex = 0; path = DayTripper.app; sourceTree = BUILT_PRODUCTS_DIR; };
		BEA5FD3620F9298F005B79F5 /* AppDelegate.h */ = {isa = PBXFileReference; lastKnownFileType = sourcecode.c.h; path = AppDelegate.h; sourceTree = "<group>"; };
		BEA5FD3720F9298F005B79F5 /* AppDelegate.m */ = {isa = PBXFileReference; lastKnownFileType = sourcecode.c.objc; path = AppDelegate.m; sourceTree = "<group>"; };
		BEA5FD3D20F9298F005B79F5 /* Base */ = {isa = PBXFileReference; lastKnownFileType = file.storyboard; name = Base; path = Base.lproj/Main.storyboard; sourceTree = "<group>"; };
		BEA5FD3F20F92990005B79F5 /* Assets.xcassets */ = {isa = PBXFileReference; lastKnownFileType = folder.assetcatalog; path = Assets.xcassets; sourceTree = "<group>"; };
		BEA5FD4220F92990005B79F5 /* Base */ = {isa = PBXFileReference; lastKnownFileType = file.storyboard; name = Base; path = Base.lproj/LaunchScreen.storyboard; sourceTree = "<group>"; };
		BEA5FD4420F92990005B79F5 /* Info.plist */ = {isa = PBXFileReference; lastKnownFileType = text.plist.xml; path = Info.plist; sourceTree = "<group>"; };
		BEA5FD4520F92990005B79F5 /* main.m */ = {isa = PBXFileReference; lastKnownFileType = sourcecode.c.objc; path = main.m; sourceTree = "<group>"; };
		BEA5FD4F20F929CD005B79F5 /* QuizViewController.h */ = {isa = PBXFileReference; lastKnownFileType = sourcecode.c.h; path = QuizViewController.h; sourceTree = "<group>"; };
		BEA5FD5020F929CD005B79F5 /* QuizViewController.m */ = {isa = PBXFileReference; lastKnownFileType = sourcecode.c.objc; path = QuizViewController.m; sourceTree = "<group>"; };
		BEA5FD5220F929E2005B79F5 /* ResultsViewController.h */ = {isa = PBXFileReference; lastKnownFileType = sourcecode.c.h; path = ResultsViewController.h; sourceTree = "<group>"; };
		BEA5FD5320F929E2005B79F5 /* ResultsViewController.m */ = {isa = PBXFileReference; lastKnownFileType = sourcecode.c.objc; path = ResultsViewController.m; sourceTree = "<group>"; };
		BEA5FD5520F92A01005B79F5 /* ItinViewController.h */ = {isa = PBXFileReference; lastKnownFileType = sourcecode.c.h; path = ItinViewController.h; sourceTree = "<group>"; };
		BEA5FD5620F92A01005B79F5 /* ItinViewController.m */ = {isa = PBXFileReference; lastKnownFileType = sourcecode.c.objc; path = ItinViewController.m; sourceTree = "<group>"; };
		BEA6BF9F210262B800933DB7 /* UserCollectionCell.h */ = {isa = PBXFileReference; lastKnownFileType = sourcecode.c.h; path = UserCollectionCell.h; sourceTree = "<group>"; };
		BEA6BFA0210262B800933DB7 /* UserCollectionCell.m */ = {isa = PBXFileReference; lastKnownFileType = sourcecode.c.objc; path = UserCollectionCell.m; sourceTree = "<group>"; };
		BEA6BFA2210262E300933DB7 /* TripReusableView.h */ = {isa = PBXFileReference; lastKnownFileType = sourcecode.c.h; path = TripReusableView.h; sourceTree = "<group>"; };
		BEA6BFA3210262E300933DB7 /* TripReusableView.m */ = {isa = PBXFileReference; lastKnownFileType = sourcecode.c.objc; path = TripReusableView.m; sourceTree = "<group>"; };
		BEB308F4210678DA00336EA4 /* SettingsViewController.h */ = {isa = PBXFileReference; lastKnownFileType = sourcecode.c.h; path = SettingsViewController.h; sourceTree = "<group>"; };
		BEB308F5210678DA00336EA4 /* SettingsViewController.m */ = {isa = PBXFileReference; lastKnownFileType = sourcecode.c.objc; path = SettingsViewController.m; sourceTree = "<group>"; };
		BEEA9D8820FCFEEB0048C0DB /* ResultsCell.h */ = {isa = PBXFileReference; lastKnownFileType = sourcecode.c.h; path = ResultsCell.h; sourceTree = "<group>"; };
		BEEA9D8920FCFEEB0048C0DB /* ResultsCell.m */ = {isa = PBXFileReference; lastKnownFileType = sourcecode.c.objc; path = ResultsCell.m; sourceTree = "<group>"; };
		BEEA9D8C20FD016E0048C0DB /* Place.h */ = {isa = PBXFileReference; lastKnownFileType = sourcecode.c.h; path = Place.h; sourceTree = "<group>"; };
		BEEA9D8D20FD016E0048C0DB /* Place.m */ = {isa = PBXFileReference; lastKnownFileType = sourcecode.c.objc; path = Place.m; sourceTree = "<group>"; };
		BEEA9D9220FD03BC0048C0DB /* ItinCell.h */ = {isa = PBXFileReference; lastKnownFileType = sourcecode.c.h; path = ItinCell.h; sourceTree = "<group>"; };
		BEEA9D9320FD03BC0048C0DB /* ItinCell.m */ = {isa = PBXFileReference; lastKnownFileType = sourcecode.c.objc; path = ItinCell.m; sourceTree = "<group>"; };
		BEEA9D9920FD12220048C0DB /* TripCell.h */ = {isa = PBXFileReference; lastKnownFileType = sourcecode.c.h; path = TripCell.h; sourceTree = "<group>"; };
		BEEA9D9A20FD12220048C0DB /* TripCell.m */ = {isa = PBXFileReference; lastKnownFileType = sourcecode.c.objc; path = TripCell.m; sourceTree = "<group>"; };
		BEEA9D9C20FD12310048C0DB /* Trip.h */ = {isa = PBXFileReference; lastKnownFileType = sourcecode.c.h; path = Trip.h; sourceTree = "<group>"; };
		BEEA9D9D20FD12310048C0DB /* Trip.m */ = {isa = PBXFileReference; lastKnownFileType = sourcecode.c.objc; path = Trip.m; sourceTree = "<group>"; };
		BEEA9D9F20FD12970048C0DB /* HomeViewController.h */ = {isa = PBXFileReference; lastKnownFileType = sourcecode.c.h; path = HomeViewController.h; sourceTree = "<group>"; };
		BEEA9DA020FD12970048C0DB /* HomeViewController.m */ = {isa = PBXFileReference; lastKnownFileType = sourcecode.c.objc; path = HomeViewController.m; sourceTree = "<group>"; };
		BEEA9DA220FD322B0048C0DB /* LoginViewController.h */ = {isa = PBXFileReference; lastKnownFileType = sourcecode.c.h; path = LoginViewController.h; sourceTree = "<group>"; };
		BEEA9DA320FD322B0048C0DB /* LoginViewController.m */ = {isa = PBXFileReference; lastKnownFileType = sourcecode.c.objc; path = LoginViewController.m; sourceTree = "<group>"; };
		C29CB80C4D0D3DAC530D7868 /* Pods-DayTripper.release.xcconfig */ = {isa = PBXFileReference; includeInIndex = 1; lastKnownFileType = text.xcconfig; name = "Pods-DayTripper.release.xcconfig"; path = "Pods/Target Support Files/Pods-DayTripper/Pods-DayTripper.release.xcconfig"; sourceTree = "<group>"; };
/* End PBXFileReference section */

/* Begin PBXFrameworksBuildPhase section */
		BEA5FD3020F9298F005B79F5 /* Frameworks */ = {
			isa = PBXFrameworksBuildPhase;
			buildActionMask = 2147483647;
			files = (
				537A4B8321066FFC00E64CBD /* MessageUI.framework in Frameworks */,
				53E8420B20FE445A003FE31A /* MapKit.framework in Frameworks */,
				2393580F3757A9ADC1E9F148 /* libPods-DayTripper.a in Frameworks */,
			);
			runOnlyForDeploymentPostprocessing = 0;
		};
/* End PBXFrameworksBuildPhase section */

/* Begin PBXGroup section */
		0A266B1C4DC868D75BDAAC72 /* Pods */ = {
			isa = PBXGroup;
			children = (
				B7A59493FA9C312E5904AB92 /* Pods-DayTripper.debug.xcconfig */,
				C29CB80C4D0D3DAC530D7868 /* Pods-DayTripper.release.xcconfig */,
			);
			name = Pods;
			sourceTree = "<group>";
		};
		53E8420320F9A03F003FE31A /* Utils */ = {
			isa = PBXGroup;
			children = (
				53E8420420F9A060003FE31A /* APIManager.h */,
				53E8420520F9A060003FE31A /* APIManager.m */,
				53E8420720FCF386003FE31A /* Functions.h */,
				53E8420820FCF386003FE31A /* Functions.m */,
				BE69F2662100007F000122D6 /* Constants.h */,
				BE69F2672100007F000122D6 /* Constants.m */,
				BE69F26B21000631000122D6 /* yelpCategories.json */,
				BE69F26D21001160000122D6 /* 4SQCategories.json */,
			);
			path = Utils;
			sourceTree = "<group>";
		};
		731F9CD8286E73966710B098 /* Frameworks */ = {
			isa = PBXGroup;
			children = (
				537A4B8221066FFC00E64CBD /* MessageUI.framework */,
				53E8420A20FE445A003FE31A /* MapKit.framework */,
				9A10739DFCE1A4D5F2E2BB6E /* libPods-DayTripper.a */,
			);
			name = Frameworks;
			sourceTree = "<group>";
		};
		BEA5FD2A20F9298F005B79F5 = {
			isa = PBXGroup;
			children = (
				BEA5FD3520F9298F005B79F5 /* DayTripper */,
				BEA5FD3420F9298F005B79F5 /* Products */,
				731F9CD8286E73966710B098 /* Frameworks */,
				0A266B1C4DC868D75BDAAC72 /* Pods */,
			);
			sourceTree = "<group>";
		};
		BEA5FD3420F9298F005B79F5 /* Products */ = {
			isa = PBXGroup;
			children = (
				BEA5FD3320F9298F005B79F5 /* DayTripper.app */,
			);
			name = Products;
			sourceTree = "<group>";
		};
		BEA5FD3520F9298F005B79F5 /* DayTripper */ = {
			isa = PBXGroup;
			children = (
				53E8420320F9A03F003FE31A /* Utils */,
				BEA5FD4E20F929BF005B79F5 /* Models */,
				BEA5FD4D20F929B9005B79F5 /* Views */,
				BEA5FD4C20F929AF005B79F5 /* View Controllers */,
				BEA5FD3620F9298F005B79F5 /* AppDelegate.h */,
				BEA5FD3720F9298F005B79F5 /* AppDelegate.m */,
				BEA5FD3C20F9298F005B79F5 /* Main.storyboard */,
				BEA5FD3F20F92990005B79F5 /* Assets.xcassets */,
				BEA5FD4120F92990005B79F5 /* LaunchScreen.storyboard */,
				BEA5FD4420F92990005B79F5 /* Info.plist */,
				BEA5FD4520F92990005B79F5 /* main.m */,
				537A4B8021065AA000E64CBD /* random.swift */,
				537A4B7F21065A9F00E64CBD /* DayTripper-Bridging-Header.h */,
			);
			path = DayTripper;
			sourceTree = "<group>";
		};
		BEA5FD4C20F929AF005B79F5 /* View Controllers */ = {
			isa = PBXGroup;
			children = (
				BEA5FD4F20F929CD005B79F5 /* QuizViewController.h */,
				BEA5FD5020F929CD005B79F5 /* QuizViewController.m */,
				BEA5FD5220F929E2005B79F5 /* ResultsViewController.h */,
				BEA5FD5320F929E2005B79F5 /* ResultsViewController.m */,
				BEA5FD5520F92A01005B79F5 /* ItinViewController.h */,
				BEA5FD5620F92A01005B79F5 /* ItinViewController.m */,
				BEEA9D9F20FD12970048C0DB /* HomeViewController.h */,
				BEEA9DA020FD12970048C0DB /* HomeViewController.m */,
				BEEA9DA220FD322B0048C0DB /* LoginViewController.h */,
				BEEA9DA320FD322B0048C0DB /* LoginViewController.m */,
				0EAE0C5C20FFA9A900D798A9 /* DetailsViewController.h */,
				0EAE0C5D20FFA9A900D798A9 /* DetailsViewController.m */,
				0EAE0C5F20FFF6F000D798A9 /* ResourcesViewController.h */,
				0EAE0C6020FFF6F000D798A9 /* ResourcesViewController.m */,
				0EAE0C6220FFF71D00D798A9 /* MapViewController.h */,
				0EAE0C6320FFF71D00D798A9 /* MapViewController.m */,
				BE45191021012B5E00CFA8AC /* QuizViewControllerDelegate.h */,
				BEB308F4210678DA00336EA4 /* SettingsViewController.h */,
				BEB308F5210678DA00336EA4 /* SettingsViewController.m */,
			);
			path = "View Controllers";
			sourceTree = "<group>";
		};
		BEA5FD4D20F929B9005B79F5 /* Views */ = {
			isa = PBXGroup;
			children = (
				BEEA9D8820FCFEEB0048C0DB /* ResultsCell.h */,
				BEEA9D8920FCFEEB0048C0DB /* ResultsCell.m */,
				BEEA9D9220FD03BC0048C0DB /* ItinCell.h */,
				BEEA9D9320FD03BC0048C0DB /* ItinCell.m */,
				BEEA9D9920FD12220048C0DB /* TripCell.h */,
				BEEA9D9A20FD12220048C0DB /* TripCell.m */,
				BE451909210104AB00CFA8AC /* CategoryCollectionCell.h */,
				BE45190A210104AB00CFA8AC /* CategoryCollectionCell.m */,
				BE45190C210104E600CFA8AC /* QuizReusableView.h */,
				BE45190D210104E600CFA8AC /* QuizReusableView.m */,
				BE45190F21012AA900CFA8AC /* QuizReusableViewDelegate.h */,
				BEA6BF9F210262B800933DB7 /* UserCollectionCell.h */,
				BEA6BFA0210262B800933DB7 /* UserCollectionCell.m */,
				BEA6BFA2210262E300933DB7 /* TripReusableView.h */,
				BEA6BFA3210262E300933DB7 /* TripReusableView.m */,
			);
			path = Views;
			sourceTree = "<group>";
		};
		BEA5FD4E20F929BF005B79F5 /* Models */ = {
			isa = PBXGroup;
			children = (
				BEEA9D8C20FD016E0048C0DB /* Place.h */,
				BEEA9D8D20FD016E0048C0DB /* Place.m */,
				BEEA9D9C20FD12310048C0DB /* Trip.h */,
				BEEA9D9D20FD12310048C0DB /* Trip.m */,
				0EAE0C5320FE9E0200D798A9 /* Activity.h */,
				0EAE0C5920FEC07500D798A9 /* Food.h */,
				0EAE0C5A20FEC07500D798A9 /* Food.m */,
				53E8420F20FFA920003FE31A /* Event.h */,
				53E8421020FFA920003FE31A /* Event.m */,
			);
			path = Models;
			sourceTree = "<group>";
		};
/* End PBXGroup section */

/* Begin PBXNativeTarget section */
		BEA5FD3220F9298F005B79F5 /* DayTripper */ = {
			isa = PBXNativeTarget;
			buildConfigurationList = BEA5FD4920F92990005B79F5 /* Build configuration list for PBXNativeTarget "DayTripper" */;
			buildPhases = (
				805083646746A198C68439AC /* [CP] Check Pods Manifest.lock */,
				BEA5FD2F20F9298F005B79F5 /* Sources */,
				BEA5FD3020F9298F005B79F5 /* Frameworks */,
				BEA5FD3120F9298F005B79F5 /* Resources */,
				D25AF3BFBF7B863D2F3B85D5 /* [CP] Copy Pods Resources */,
			);
			buildRules = (
			);
			dependencies = (
			);
			name = DayTripper;
			productName = DayTripper;
			productReference = BEA5FD3320F9298F005B79F5 /* DayTripper.app */;
			productType = "com.apple.product-type.application";
		};
/* End PBXNativeTarget section */

/* Begin PBXProject section */
		BEA5FD2B20F9298F005B79F5 /* Project object */ = {
			isa = PBXProject;
			attributes = {
				LastUpgradeCheck = 0940;
				ORGANIZATIONNAME = MakerApps;
				TargetAttributes = {
					BEA5FD3220F9298F005B79F5 = {
						CreatedOnToolsVersion = 9.4.1;
						LastSwiftMigration = 0940;
						SystemCapabilities = {
							com.apple.BackgroundModes = {
								enabled = 0;
							};
						};
					};
				};
			};
			buildConfigurationList = BEA5FD2E20F9298F005B79F5 /* Build configuration list for PBXProject "DayTripper" */;
			compatibilityVersion = "Xcode 9.3";
			developmentRegion = en;
			hasScannedForEncodings = 0;
			knownRegions = (
				en,
				Base,
			);
			mainGroup = BEA5FD2A20F9298F005B79F5;
			productRefGroup = BEA5FD3420F9298F005B79F5 /* Products */;
			projectDirPath = "";
			projectRoot = "";
			targets = (
				BEA5FD3220F9298F005B79F5 /* DayTripper */,
			);
		};
/* End PBXProject section */

/* Begin PBXResourcesBuildPhase section */
		BEA5FD3120F9298F005B79F5 /* Resources */ = {
			isa = PBXResourcesBuildPhase;
			buildActionMask = 2147483647;
			files = (
				BE69F26E21001161000122D6 /* 4SQCategories.json in Resources */,
				BEA5FD4320F92990005B79F5 /* LaunchScreen.storyboard in Resources */,
				BE69F26C21000631000122D6 /* yelpCategories.json in Resources */,
				BEA5FD4020F92990005B79F5 /* Assets.xcassets in Resources */,
				BEA5FD3E20F9298F005B79F5 /* Main.storyboard in Resources */,
			);
			runOnlyForDeploymentPostprocessing = 0;
		};
/* End PBXResourcesBuildPhase section */

/* Begin PBXShellScriptBuildPhase section */
		805083646746A198C68439AC /* [CP] Check Pods Manifest.lock */ = {
			isa = PBXShellScriptBuildPhase;
			buildActionMask = 2147483647;
			files = (
			);
			inputPaths = (
				"${PODS_PODFILE_DIR_PATH}/Podfile.lock",
				"${PODS_ROOT}/Manifest.lock",
			);
			name = "[CP] Check Pods Manifest.lock";
			outputPaths = (
				"$(DERIVED_FILE_DIR)/Pods-DayTripper-checkManifestLockResult.txt",
			);
			runOnlyForDeploymentPostprocessing = 0;
			shellPath = /bin/sh;
			shellScript = "diff \"${PODS_PODFILE_DIR_PATH}/Podfile.lock\" \"${PODS_ROOT}/Manifest.lock\" > /dev/null\nif [ $? != 0 ] ; then\n    # print error to STDERR\n    echo \"error: The sandbox is not in sync with the Podfile.lock. Run 'pod install' or update your CocoaPods installation.\" >&2\n    exit 1\nfi\n# This output is used by Xcode 'outputs' to avoid re-running this script phase.\necho \"SUCCESS\" > \"${SCRIPT_OUTPUT_FILE_0}\"\n";
			showEnvVarsInLog = 0;
		};
		D25AF3BFBF7B863D2F3B85D5 /* [CP] Copy Pods Resources */ = {
			isa = PBXShellScriptBuildPhase;
			buildActionMask = 2147483647;
			files = (
			);
			inputPaths = (
				"${SRCROOT}/Pods/Target Support Files/Pods-DayTripper/Pods-DayTripper-resources.sh",
				"${PODS_CONFIGURATION_BUILD_DIR}/Parse/Parse.bundle",
				"${PODS_ROOT}/ParseUI/ParseUI/Resources/Localization/en.lproj",
				"${PODS_ROOT}/ParseUI/ParseUI/Resources/Localization/fr.lproj",
				"${PODS_ROOT}/ParseUI/ParseUI/Resources/Localization/pt-BR.lproj",
				"${PODS_ROOT}/UberCore/source/UberCore/Resources/en.lproj",
				"${PODS_ROOT}/UberCore/source/UberCore/Resources/hi-In.lproj",
				"${PODS_ROOT}/UberCore/source/UberCore/Resources/Media.xcassets",
				"${PODS_ROOT}/UberCore/source/UberCore/Resources/pt-br.lproj",
				"${PODS_ROOT}/UberCore/source/UberCore/Resources/ru.lproj",
				"${PODS_ROOT}/UberRides/source/UberRides/Resources/en.lproj",
				"${PODS_ROOT}/UberRides/source/UberRides/Resources/hi-In.lproj",
				"${PODS_ROOT}/UberRides/source/UberRides/Resources/Media.xcassets",
				"${PODS_ROOT}/UberRides/source/UberRides/Resources/pt-br.lproj",
				"${PODS_ROOT}/UberRides/source/UberRides/Resources/ru.lproj",
			);
			name = "[CP] Copy Pods Resources";
			outputPaths = (
				"${TARGET_BUILD_DIR}/${UNLOCALIZED_RESOURCES_FOLDER_PATH}/Parse.bundle",
				"${TARGET_BUILD_DIR}/${UNLOCALIZED_RESOURCES_FOLDER_PATH}/en.lproj",
				"${TARGET_BUILD_DIR}/${UNLOCALIZED_RESOURCES_FOLDER_PATH}/fr.lproj",
				"${TARGET_BUILD_DIR}/${UNLOCALIZED_RESOURCES_FOLDER_PATH}/pt-BR.lproj",
				"${TARGET_BUILD_DIR}/${UNLOCALIZED_RESOURCES_FOLDER_PATH}/hi-In.lproj",
				"${TARGET_BUILD_DIR}/${UNLOCALIZED_RESOURCES_FOLDER_PATH}/Assets.car",
				"${TARGET_BUILD_DIR}/${UNLOCALIZED_RESOURCES_FOLDER_PATH}/pt-br.lproj",
				"${TARGET_BUILD_DIR}/${UNLOCALIZED_RESOURCES_FOLDER_PATH}/ru.lproj",
			);
			runOnlyForDeploymentPostprocessing = 0;
			shellPath = /bin/sh;
			shellScript = "\"${SRCROOT}/Pods/Target Support Files/Pods-DayTripper/Pods-DayTripper-resources.sh\"\n";
			showEnvVarsInLog = 0;
		};
/* End PBXShellScriptBuildPhase section */

/* Begin PBXSourcesBuildPhase section */
		BEA5FD2F20F9298F005B79F5 /* Sources */ = {
			isa = PBXSourcesBuildPhase;
			buildActionMask = 2147483647;
			files = (
				BEA6BFA4210262E300933DB7 /* TripReusableView.m in Sources */,
				BEEA9D9420FD03BC0048C0DB /* ItinCell.m in Sources */,
				537A4B8121065AA000E64CBD /* random.swift in Sources */,
				BEB308F6210678DA00336EA4 /* SettingsViewController.m in Sources */,
				0EAE0C6120FFF6F000D798A9 /* ResourcesViewController.m in Sources */,
				BEA6BFA1210262B800933DB7 /* UserCollectionCell.m in Sources */,
				BEEA9D9E20FD12310048C0DB /* Trip.m in Sources */,
				BEEA9D8A20FCFEEB0048C0DB /* ResultsCell.m in Sources */,
				BEA5FD4620F92990005B79F5 /* main.m in Sources */,
				BEA5FD5720F92A01005B79F5 /* ItinViewController.m in Sources */,
				BE45190B210104AB00CFA8AC /* CategoryCollectionCell.m in Sources */,
				0EAE0C6420FFF71D00D798A9 /* MapViewController.m in Sources */,
				53E8421120FFA920003FE31A /* Event.m in Sources */,
				BEEA9D9B20FD12220048C0DB /* TripCell.m in Sources */,
				BEEA9DA420FD322B0048C0DB /* LoginViewController.m in Sources */,
				BEEA9DA120FD12970048C0DB /* HomeViewController.m in Sources */,
				0EAE0C5B20FEC07500D798A9 /* Food.m in Sources */,
				0EAE0C5E20FFA9A900D798A9 /* DetailsViewController.m in Sources */,
				BEA5FD3820F9298F005B79F5 /* AppDelegate.m in Sources */,
				BEEA9D8E20FD016E0048C0DB /* Place.m in Sources */,
				53E8420620F9A060003FE31A /* APIManager.m in Sources */,
				BEA5FD5120F929CD005B79F5 /* QuizViewController.m in Sources */,
				BEA5FD5420F929E2005B79F5 /* ResultsViewController.m in Sources */,
				BE45190E210104E600CFA8AC /* QuizReusableView.m in Sources */,
				53E8420920FCF386003FE31A /* Functions.m in Sources */,
				BE69F2682100007F000122D6 /* Constants.m in Sources */,
			);
			runOnlyForDeploymentPostprocessing = 0;
		};
/* End PBXSourcesBuildPhase section */

/* Begin PBXVariantGroup section */
		BEA5FD3C20F9298F005B79F5 /* Main.storyboard */ = {
			isa = PBXVariantGroup;
			children = (
				BEA5FD3D20F9298F005B79F5 /* Base */,
			);
			name = Main.storyboard;
			sourceTree = "<group>";
		};
		BEA5FD4120F92990005B79F5 /* LaunchScreen.storyboard */ = {
			isa = PBXVariantGroup;
			children = (
				BEA5FD4220F92990005B79F5 /* Base */,
			);
			name = LaunchScreen.storyboard;
			sourceTree = "<group>";
		};
/* End PBXVariantGroup section */

/* Begin XCBuildConfiguration section */
		BEA5FD4720F92990005B79F5 /* Debug */ = {
			isa = XCBuildConfiguration;
			buildSettings = {
				ALWAYS_SEARCH_USER_PATHS = NO;
				CLANG_ANALYZER_NONNULL = YES;
				CLANG_ANALYZER_NUMBER_OBJECT_CONVERSION = YES_AGGRESSIVE;
				CLANG_CXX_LANGUAGE_STANDARD = "gnu++14";
				CLANG_CXX_LIBRARY = "libc++";
				CLANG_ENABLE_MODULES = YES;
				CLANG_ENABLE_OBJC_ARC = YES;
				CLANG_ENABLE_OBJC_WEAK = YES;
				CLANG_WARN_BLOCK_CAPTURE_AUTORELEASING = YES;
				CLANG_WARN_BOOL_CONVERSION = YES;
				CLANG_WARN_COMMA = YES;
				CLANG_WARN_CONSTANT_CONVERSION = YES;
				CLANG_WARN_DEPRECATED_OBJC_IMPLEMENTATIONS = YES;
				CLANG_WARN_DIRECT_OBJC_ISA_USAGE = YES_ERROR;
				CLANG_WARN_DOCUMENTATION_COMMENTS = YES;
				CLANG_WARN_EMPTY_BODY = YES;
				CLANG_WARN_ENUM_CONVERSION = YES;
				CLANG_WARN_INFINITE_RECURSION = YES;
				CLANG_WARN_INT_CONVERSION = YES;
				CLANG_WARN_NON_LITERAL_NULL_CONVERSION = YES;
				CLANG_WARN_OBJC_IMPLICIT_RETAIN_SELF = YES;
				CLANG_WARN_OBJC_LITERAL_CONVERSION = YES;
				CLANG_WARN_OBJC_ROOT_CLASS = YES_ERROR;
				CLANG_WARN_RANGE_LOOP_ANALYSIS = YES;
				CLANG_WARN_STRICT_PROTOTYPES = YES;
				CLANG_WARN_SUSPICIOUS_MOVE = YES;
				CLANG_WARN_UNGUARDED_AVAILABILITY = YES_AGGRESSIVE;
				CLANG_WARN_UNREACHABLE_CODE = YES;
				CLANG_WARN__DUPLICATE_METHOD_MATCH = YES;
				CODE_SIGN_IDENTITY = "iPhone Developer";
				COPY_PHASE_STRIP = NO;
				DEBUG_INFORMATION_FORMAT = dwarf;
				ENABLE_STRICT_OBJC_MSGSEND = YES;
				ENABLE_TESTABILITY = YES;
				GCC_C_LANGUAGE_STANDARD = gnu11;
				GCC_DYNAMIC_NO_PIC = NO;
				GCC_NO_COMMON_BLOCKS = YES;
				GCC_OPTIMIZATION_LEVEL = 0;
				GCC_PREPROCESSOR_DEFINITIONS = (
					"DEBUG=1",
					"$(inherited)",
				);
				GCC_WARN_64_TO_32_BIT_CONVERSION = YES;
				GCC_WARN_ABOUT_RETURN_TYPE = YES_ERROR;
				GCC_WARN_UNDECLARED_SELECTOR = YES;
				GCC_WARN_UNINITIALIZED_AUTOS = YES_AGGRESSIVE;
				GCC_WARN_UNUSED_FUNCTION = YES;
				GCC_WARN_UNUSED_VARIABLE = YES;
				IPHONEOS_DEPLOYMENT_TARGET = 11.4;
				MTL_ENABLE_DEBUG_INFO = YES;
				ONLY_ACTIVE_ARCH = YES;
				SDKROOT = iphoneos;
			};
			name = Debug;
		};
		BEA5FD4820F92990005B79F5 /* Release */ = {
			isa = XCBuildConfiguration;
			buildSettings = {
				ALWAYS_SEARCH_USER_PATHS = NO;
				CLANG_ANALYZER_NONNULL = YES;
				CLANG_ANALYZER_NUMBER_OBJECT_CONVERSION = YES_AGGRESSIVE;
				CLANG_CXX_LANGUAGE_STANDARD = "gnu++14";
				CLANG_CXX_LIBRARY = "libc++";
				CLANG_ENABLE_MODULES = YES;
				CLANG_ENABLE_OBJC_ARC = YES;
				CLANG_ENABLE_OBJC_WEAK = YES;
				CLANG_WARN_BLOCK_CAPTURE_AUTORELEASING = YES;
				CLANG_WARN_BOOL_CONVERSION = YES;
				CLANG_WARN_COMMA = YES;
				CLANG_WARN_CONSTANT_CONVERSION = YES;
				CLANG_WARN_DEPRECATED_OBJC_IMPLEMENTATIONS = YES;
				CLANG_WARN_DIRECT_OBJC_ISA_USAGE = YES_ERROR;
				CLANG_WARN_DOCUMENTATION_COMMENTS = YES;
				CLANG_WARN_EMPTY_BODY = YES;
				CLANG_WARN_ENUM_CONVERSION = YES;
				CLANG_WARN_INFINITE_RECURSION = YES;
				CLANG_WARN_INT_CONVERSION = YES;
				CLANG_WARN_NON_LITERAL_NULL_CONVERSION = YES;
				CLANG_WARN_OBJC_IMPLICIT_RETAIN_SELF = YES;
				CLANG_WARN_OBJC_LITERAL_CONVERSION = YES;
				CLANG_WARN_OBJC_ROOT_CLASS = YES_ERROR;
				CLANG_WARN_RANGE_LOOP_ANALYSIS = YES;
				CLANG_WARN_STRICT_PROTOTYPES = YES;
				CLANG_WARN_SUSPICIOUS_MOVE = YES;
				CLANG_WARN_UNGUARDED_AVAILABILITY = YES_AGGRESSIVE;
				CLANG_WARN_UNREACHABLE_CODE = YES;
				CLANG_WARN__DUPLICATE_METHOD_MATCH = YES;
				CODE_SIGN_IDENTITY = "iPhone Developer";
				COPY_PHASE_STRIP = NO;
				DEBUG_INFORMATION_FORMAT = "dwarf-with-dsym";
				ENABLE_NS_ASSERTIONS = NO;
				ENABLE_STRICT_OBJC_MSGSEND = YES;
				GCC_C_LANGUAGE_STANDARD = gnu11;
				GCC_NO_COMMON_BLOCKS = YES;
				GCC_WARN_64_TO_32_BIT_CONVERSION = YES;
				GCC_WARN_ABOUT_RETURN_TYPE = YES_ERROR;
				GCC_WARN_UNDECLARED_SELECTOR = YES;
				GCC_WARN_UNINITIALIZED_AUTOS = YES_AGGRESSIVE;
				GCC_WARN_UNUSED_FUNCTION = YES;
				GCC_WARN_UNUSED_VARIABLE = YES;
				IPHONEOS_DEPLOYMENT_TARGET = 11.4;
				MTL_ENABLE_DEBUG_INFO = NO;
				SDKROOT = iphoneos;
				VALIDATE_PRODUCT = YES;
			};
			name = Release;
		};
		BEA5FD4A20F92990005B79F5 /* Debug */ = {
			isa = XCBuildConfiguration;
			baseConfigurationReference = B7A59493FA9C312E5904AB92 /* Pods-DayTripper.debug.xcconfig */;
			buildSettings = {
				ASSETCATALOG_COMPILER_APPICON_NAME = AppIcon;
				CLANG_ENABLE_MODULES = YES;
				CODE_SIGN_STYLE = Automatic;
				DEVELOPMENT_TEAM = P2TSRFLHL6;
				ENABLE_BITCODE = NO;
				INFOPLIST_FILE = DayTripper/Info.plist;
				LD_RUNPATH_SEARCH_PATHS = (
					"$(inherited)",
					"@executable_path/Frameworks",
				);
				PRODUCT_BUNDLE_IDENTIFIER = makerappskim.DayTripper;
				PRODUCT_NAME = "$(TARGET_NAME)";
				SWIFT_OBJC_BRIDGING_HEADER = "DayTripper/DayTripper-Bridging-Header.h";
				SWIFT_OPTIMIZATION_LEVEL = "-Onone";
				SWIFT_VERSION = 3.0;
				TARGETED_DEVICE_FAMILY = "1,2";
			};
			name = Debug;
		};
		BEA5FD4B20F92990005B79F5 /* Release */ = {
			isa = XCBuildConfiguration;
			baseConfigurationReference = C29CB80C4D0D3DAC530D7868 /* Pods-DayTripper.release.xcconfig */;
			buildSettings = {
				ASSETCATALOG_COMPILER_APPICON_NAME = AppIcon;
				CLANG_ENABLE_MODULES = YES;
				CODE_SIGN_STYLE = Automatic;
				DEVELOPMENT_TEAM = P2TSRFLHL6;
				ENABLE_BITCODE = NO;
				INFOPLIST_FILE = DayTripper/Info.plist;
				LD_RUNPATH_SEARCH_PATHS = (
					"$(inherited)",
					"@executable_path/Frameworks",
				);
				PRODUCT_BUNDLE_IDENTIFIER = makerappskim.DayTripper;
				PRODUCT_NAME = "$(TARGET_NAME)";
				SWIFT_OBJC_BRIDGING_HEADER = "DayTripper/DayTripper-Bridging-Header.h";
				SWIFT_VERSION = 3.0;
				TARGETED_DEVICE_FAMILY = "1,2";
			};
			name = Release;
		};
/* End XCBuildConfiguration section */

/* Begin XCConfigurationList section */
		BEA5FD2E20F9298F005B79F5 /* Build configuration list for PBXProject "DayTripper" */ = {
			isa = XCConfigurationList;
			buildConfigurations = (
				BEA5FD4720F92990005B79F5 /* Debug */,
				BEA5FD4820F92990005B79F5 /* Release */,
			);
			defaultConfigurationIsVisible = 0;
			defaultConfigurationName = Release;
		};
		BEA5FD4920F92990005B79F5 /* Build configuration list for PBXNativeTarget "DayTripper" */ = {
			isa = XCConfigurationList;
			buildConfigurations = (
				BEA5FD4A20F92990005B79F5 /* Debug */,
				BEA5FD4B20F92990005B79F5 /* Release */,
			);
			defaultConfigurationIsVisible = 0;
			defaultConfigurationName = Release;
		};
/* End XCConfigurationList section */
	};
	rootObject = BEA5FD2B20F9298F005B79F5 /* Project object */;
}
